// !$*UTF8*$!
{
	archiveVersion = 1;
	classes = {
	};
	objectVersion = 56;
	objects = {

/* Begin PBXBuildFile section */
		046D46D92CD0FAFA00B84BBF /* AppDelegate.swift in Sources */ = {isa = PBXBuildFile; fileRef = 046D46D82CD0FAFA00B84BBF /* AppDelegate.swift */; };
		046D46DB2CD0FAFA00B84BBF /* SceneDelegate.swift in Sources */ = {isa = PBXBuildFile; fileRef = 046D46DA2CD0FAFA00B84BBF /* SceneDelegate.swift */; };
		046D46E02CD0FAFA00B84BBF /* Base in Resources */ = {isa = PBXBuildFile; fileRef = 046D46DF2CD0FAFA00B84BBF /* Base */; };
		046D46E52CD0FAFC00B84BBF /* Base in Resources */ = {isa = PBXBuildFile; fileRef = 046D46E42CD0FAFC00B84BBF /* Base */; };
		046D46ED2CD0FE9800B84BBF /* Assets.xcassets in Resources */ = {isa = PBXBuildFile; fileRef = 046D46EC2CD0FE9800B84BBF /* Assets.xcassets */; };
		046D47042CD0FEA600B84BBF /* arsenal.mp3 in Resources */ = {isa = PBXBuildFile; fileRef = 046D46EE2CD0FEA600B84BBF /* arsenal.mp3 */; };
		046D47052CD0FEA600B84BBF /* aston_villa.mp3 in Resources */ = {isa = PBXBuildFile; fileRef = 046D46EF2CD0FEA600B84BBF /* aston_villa.mp3 */; };
		046D47062CD0FEA600B84BBF /* brighton.mp3 in Resources */ = {isa = PBXBuildFile; fileRef = 046D46F02CD0FEA600B84BBF /* brighton.mp3 */; };
		046D47072CD0FEA600B84BBF /* burnley.mp3 in Resources */ = {isa = PBXBuildFile; fileRef = 046D46F12CD0FEA600B84BBF /* burnley.mp3 */; };
		046D47082CD0FEA600B84BBF /* chelsea.mp3 in Resources */ = {isa = PBXBuildFile; fileRef = 046D46F22CD0FEA600B84BBF /* chelsea.mp3 */; };
		046D47092CD0FEA600B84BBF /* everton.mp3 in Resources */ = {isa = PBXBuildFile; fileRef = 046D46F32CD0FEA600B84BBF /* everton.mp3 */; };
		046D470A2CD0FEA600B84BBF /* fulham.mp3 in Resources */ = {isa = PBXBuildFile; fileRef = 046D46F42CD0FEA600B84BBF /* fulham.mp3 */; };
		046D470B2CD0FEA600B84BBF /* leeds.mp3 in Resources */ = {isa = PBXBuildFile; fileRef = 046D46F52CD0FEA600B84BBF /* leeds.mp3 */; };
		046D470C2CD0FEA600B84BBF /* leicester.mp3 in Resources */ = {isa = PBXBuildFile; fileRef = 046D46F62CD0FEA600B84BBF /* leicester.mp3 */; };
		046D470D2CD0FEA600B84BBF /* liverpool.mp3 in Resources */ = {isa = PBXBuildFile; fileRef = 046D46F72CD0FEA600B84BBF /* liverpool.mp3 */; };
		046D470E2CD0FEA600B84BBF /* manchester_city.mp3 in Resources */ = {isa = PBXBuildFile; fileRef = 046D46F82CD0FEA600B84BBF /* manchester_city.mp3 */; };
		046D470F2CD0FEA600B84BBF /* manchester_united.mp3 in Resources */ = {isa = PBXBuildFile; fileRef = 046D46F92CD0FEA600B84BBF /* manchester_united.mp3 */; };
		046D47102CD0FEA600B84BBF /* newcastle.mp3 in Resources */ = {isa = PBXBuildFile; fileRef = 046D46FA2CD0FEA600B84BBF /* newcastle.mp3 */; };
		046D47112CD0FEA600B84BBF /* palace.mp3 in Resources */ = {isa = PBXBuildFile; fileRef = 046D46FB2CD0FEA600B84BBF /* palace.mp3 */; };
		046D47122CD0FEA600B84BBF /* sheffield.mp3 in Resources */ = {isa = PBXBuildFile; fileRef = 046D46FC2CD0FEA600B84BBF /* sheffield.mp3 */; };
		046D47132CD0FEA600B84BBF /* southampton.mp3 in Resources */ = {isa = PBXBuildFile; fileRef = 046D46FD2CD0FEA600B84BBF /* southampton.mp3 */; };
		046D47142CD0FEA600B84BBF /* tottenham.mp3 in Resources */ = {isa = PBXBuildFile; fileRef = 046D46FE2CD0FEA600B84BBF /* tottenham.mp3 */; };
		046D47152CD0FEA600B84BBF /* west_brom.mp3 in Resources */ = {isa = PBXBuildFile; fileRef = 046D46FF2CD0FEA600B84BBF /* west_brom.mp3 */; };
		046D47162CD0FEA600B84BBF /* wolves.mp3 in Resources */ = {isa = PBXBuildFile; fileRef = 046D47002CD0FEA600B84BBF /* wolves.mp3 */; };
		046D47172CD0FEA600B84BBF /* Teams.swift in Sources */ = {isa = PBXBuildFile; fileRef = 046D47022CD0FEA600B84BBF /* Teams.swift */; };
		046D471A2CD1054800B84BBF /* ChantsViewController.swift in Sources */ = {isa = PBXBuildFile; fileRef = 046D47192CD1054800B84BBF /* ChantsViewController.swift */; };
		046D471D2CD12CC500B84BBF /* Team.swift in Sources */ = {isa = PBXBuildFile; fileRef = 046D471C2CD12CC500B84BBF /* Team.swift */; };
		046D471F2CD12CFF00B84BBF /* Manager.swift in Sources */ = {isa = PBXBuildFile; fileRef = 046D471E2CD12CFF00B84BBF /* Manager.swift */; };
		046D47222CD12D4E00B84BBF /* TeamsViewModel.swift in Sources */ = {isa = PBXBuildFile; fileRef = 046D47202CD12D4E00B84BBF /* TeamsViewModel.swift */; };
		046D47252CD16B4500B84BBF /* TeamTableViewCell.swift in Sources */ = {isa = PBXBuildFile; fileRef = 046D47242CD16B4500B84BBF /* TeamTableViewCell.swift */; };
/* End PBXBuildFile section */

/* Begin PBXFileReference section */
		046D46D52CD0FAFA00B84BBF /* FootballChants.app */ = {isa = PBXFileReference; explicitFileType = wrapper.application; includeInIndex = 0; path = FootballChants.app; sourceTree = BUILT_PRODUCTS_DIR; };
		046D46D82CD0FAFA00B84BBF /* AppDelegate.swift */ = {isa = PBXFileReference; lastKnownFileType = sourcecode.swift; path = AppDelegate.swift; sourceTree = "<group>"; };
		046D46DA2CD0FAFA00B84BBF /* SceneDelegate.swift */ = {isa = PBXFileReference; lastKnownFileType = sourcecode.swift; path = SceneDelegate.swift; sourceTree = "<group>"; };
		046D46DF2CD0FAFA00B84BBF /* Base */ = {isa = PBXFileReference; lastKnownFileType = file.storyboard; name = Base; path = Base.lproj/Main.storyboard; sourceTree = "<group>"; };
		046D46E42CD0FAFC00B84BBF /* Base */ = {isa = PBXFileReference; lastKnownFileType = file.storyboard; name = Base; path = Base.lproj/LaunchScreen.storyboard; sourceTree = "<group>"; };
		046D46E62CD0FAFC00B84BBF /* Info.plist */ = {isa = PBXFileReference; lastKnownFileType = text.plist.xml; path = Info.plist; sourceTree = "<group>"; };
		046D46EC2CD0FE9800B84BBF /* Assets.xcassets */ = {isa = PBXFileReference; lastKnownFileType = folder.assetcatalog; path = Assets.xcassets; sourceTree = "<group>"; };
		046D46EE2CD0FEA600B84BBF /* arsenal.mp3 */ = {isa = PBXFileReference; lastKnownFileType = audio.mp3; path = arsenal.mp3; sourceTree = "<group>"; };
		046D46EF2CD0FEA600B84BBF /* aston_villa.mp3 */ = {isa = PBXFileReference; lastKnownFileType = audio.mp3; path = aston_villa.mp3; sourceTree = "<group>"; };
		046D46F02CD0FEA600B84BBF /* brighton.mp3 */ = {isa = PBXFileReference; lastKnownFileType = audio.mp3; path = brighton.mp3; sourceTree = "<group>"; };
		046D46F12CD0FEA600B84BBF /* burnley.mp3 */ = {isa = PBXFileReference; lastKnownFileType = audio.mp3; path = burnley.mp3; sourceTree = "<group>"; };
		046D46F22CD0FEA600B84BBF /* chelsea.mp3 */ = {isa = PBXFileReference; lastKnownFileType = audio.mp3; path = chelsea.mp3; sourceTree = "<group>"; };
		046D46F32CD0FEA600B84BBF /* everton.mp3 */ = {isa = PBXFileReference; lastKnownFileType = audio.mp3; path = everton.mp3; sourceTree = "<group>"; };
		046D46F42CD0FEA600B84BBF /* fulham.mp3 */ = {isa = PBXFileReference; lastKnownFileType = audio.mp3; path = fulham.mp3; sourceTree = "<group>"; };
		046D46F52CD0FEA600B84BBF /* leeds.mp3 */ = {isa = PBXFileReference; lastKnownFileType = audio.mp3; path = leeds.mp3; sourceTree = "<group>"; };
		046D46F62CD0FEA600B84BBF /* leicester.mp3 */ = {isa = PBXFileReference; lastKnownFileType = audio.mp3; path = leicester.mp3; sourceTree = "<group>"; };
		046D46F72CD0FEA600B84BBF /* liverpool.mp3 */ = {isa = PBXFileReference; lastKnownFileType = audio.mp3; path = liverpool.mp3; sourceTree = "<group>"; };
		046D46F82CD0FEA600B84BBF /* manchester_city.mp3 */ = {isa = PBXFileReference; lastKnownFileType = audio.mp3; path = manchester_city.mp3; sourceTree = "<group>"; };
		046D46F92CD0FEA600B84BBF /* manchester_united.mp3 */ = {isa = PBXFileReference; lastKnownFileType = audio.mp3; path = manchester_united.mp3; sourceTree = "<group>"; };
		046D46FA2CD0FEA600B84BBF /* newcastle.mp3 */ = {isa = PBXFileReference; lastKnownFileType = audio.mp3; path = newcastle.mp3; sourceTree = "<group>"; };
		046D46FB2CD0FEA600B84BBF /* palace.mp3 */ = {isa = PBXFileReference; lastKnownFileType = audio.mp3; path = palace.mp3; sourceTree = "<group>"; };
		046D46FC2CD0FEA600B84BBF /* sheffield.mp3 */ = {isa = PBXFileReference; lastKnownFileType = audio.mp3; path = sheffield.mp3; sourceTree = "<group>"; };
		046D46FD2CD0FEA600B84BBF /* southampton.mp3 */ = {isa = PBXFileReference; lastKnownFileType = audio.mp3; path = southampton.mp3; sourceTree = "<group>"; };
		046D46FE2CD0FEA600B84BBF /* tottenham.mp3 */ = {isa = PBXFileReference; lastKnownFileType = audio.mp3; path = tottenham.mp3; sourceTree = "<group>"; };
		046D46FF2CD0FEA600B84BBF /* west_brom.mp3 */ = {isa = PBXFileReference; lastKnownFileType = audio.mp3; path = west_brom.mp3; sourceTree = "<group>"; };
		046D47002CD0FEA600B84BBF /* wolves.mp3 */ = {isa = PBXFileReference; lastKnownFileType = audio.mp3; path = wolves.mp3; sourceTree = "<group>"; };
		046D47022CD0FEA600B84BBF /* Teams.swift */ = {isa = PBXFileReference; fileEncoding = 4; lastKnownFileType = sourcecode.swift; path = Teams.swift; sourceTree = "<group>"; };
		046D47192CD1054800B84BBF /* ChantsViewController.swift */ = {isa = PBXFileReference; lastKnownFileType = sourcecode.swift; path = ChantsViewController.swift; sourceTree = "<group>"; };
		046D471C2CD12CC500B84BBF /* Team.swift */ = {isa = PBXFileReference; lastKnownFileType = sourcecode.swift; path = Team.swift; sourceTree = "<group>"; };
		046D471E2CD12CFF00B84BBF /* Manager.swift */ = {isa = PBXFileReference; lastKnownFileType = sourcecode.swift; path = Manager.swift; sourceTree = "<group>"; };
		046D47202CD12D4E00B84BBF /* TeamsViewModel.swift */ = {isa = PBXFileReference; fileEncoding = 4; lastKnownFileType = sourcecode.swift; path = TeamsViewModel.swift; sourceTree = "<group>"; };
		046D47242CD16B4500B84BBF /* TeamTableViewCell.swift */ = {isa = PBXFileReference; lastKnownFileType = sourcecode.swift; path = TeamTableViewCell.swift; sourceTree = "<group>"; };
/* End PBXFileReference section */

/* Begin PBXFrameworksBuildPhase section */
		046D46D22CD0FAFA00B84BBF /* Frameworks */ = {
			isa = PBXFrameworksBuildPhase;
			buildActionMask = 2147483647;
			files = (
			);
			runOnlyForDeploymentPostprocessing = 0;
		};
/* End PBXFrameworksBuildPhase section */

/* Begin PBXGroup section */
		046D46CC2CD0FAF900B84BBF = {
			isa = PBXGroup;
			children = (
				046D46D72CD0FAFA00B84BBF /* FootballChants */,
				046D46D62CD0FAFA00B84BBF /* Products */,
			);
			sourceTree = "<group>";
		};
		046D46D62CD0FAFA00B84BBF /* Products */ = {
			isa = PBXGroup;
			children = (
				046D46D52CD0FAFA00B84BBF /* FootballChants.app */,
			);
			name = Products;
			sourceTree = "<group>";
		};
		046D46D72CD0FAFA00B84BBF /* FootballChants */ = {
			isa = PBXGroup;
			children = (
				046D47232CD16B2B00B84BBF /* Views */,
				046D47212CD12D4E00B84BBF /* ViewModel */,
				046D471B2CD12C6700B84BBF /* Models */,
				046D47182CD1053800B84BBF /* ViewControllers */,
				046D46D82CD0FAFA00B84BBF /* AppDelegate.swift */,
				046D46DA2CD0FAFA00B84BBF /* SceneDelegate.swift */,
				046D46DE2CD0FAFA00B84BBF /* Main.storyboard */,
				046D46E32CD0FAFC00B84BBF /* LaunchScreen.storyboard */,
				046D46E62CD0FAFC00B84BBF /* Info.plist */,
				046D46EC2CD0FE9800B84BBF /* Assets.xcassets */,
				046D47032CD0FEA600B84BBF /* Resources */,
			);
			path = FootballChants;
			sourceTree = "<group>";
		};
		046D47012CD0FEA600B84BBF /* Chants */ = {
			isa = PBXGroup;
			children = (
				046D46EE2CD0FEA600B84BBF /* arsenal.mp3 */,
				046D46EF2CD0FEA600B84BBF /* aston_villa.mp3 */,
				046D46F02CD0FEA600B84BBF /* brighton.mp3 */,
				046D46F12CD0FEA600B84BBF /* burnley.mp3 */,
				046D46F22CD0FEA600B84BBF /* chelsea.mp3 */,
				046D46F32CD0FEA600B84BBF /* everton.mp3 */,
				046D46F42CD0FEA600B84BBF /* fulham.mp3 */,
				046D46F52CD0FEA600B84BBF /* leeds.mp3 */,
				046D46F62CD0FEA600B84BBF /* leicester.mp3 */,
				046D46F72CD0FEA600B84BBF /* liverpool.mp3 */,
				046D46F82CD0FEA600B84BBF /* manchester_city.mp3 */,
				046D46F92CD0FEA600B84BBF /* manchester_united.mp3 */,
				046D46FA2CD0FEA600B84BBF /* newcastle.mp3 */,
				046D46FB2CD0FEA600B84BBF /* palace.mp3 */,
				046D46FC2CD0FEA600B84BBF /* sheffield.mp3 */,
				046D46FD2CD0FEA600B84BBF /* southampton.mp3 */,
				046D46FE2CD0FEA600B84BBF /* tottenham.mp3 */,
				046D46FF2CD0FEA600B84BBF /* west_brom.mp3 */,
				046D47002CD0FEA600B84BBF /* wolves.mp3 */,
			);
			path = Chants;
			sourceTree = "<group>";
		};
		046D47032CD0FEA600B84BBF /* Resources */ = {
			isa = PBXGroup;
			children = (
				046D47012CD0FEA600B84BBF /* Chants */,
				046D47022CD0FEA600B84BBF /* Teams.swift */,
			);
			path = Resources;
			sourceTree = "<group>";
		};
		046D47182CD1053800B84BBF /* ViewControllers */ = {
			isa = PBXGroup;
			children = (
				046D47192CD1054800B84BBF /* ChantsViewController.swift */,
			);
			path = ViewControllers;
			sourceTree = "<group>";
		};
		046D471B2CD12C6700B84BBF /* Models */ = {
			isa = PBXGroup;
			children = (
				046D471C2CD12CC500B84BBF /* Team.swift */,
				046D471E2CD12CFF00B84BBF /* Manager.swift */,
			);
			path = Models;
			sourceTree = "<group>";
		};
		046D47212CD12D4E00B84BBF /* ViewModel */ = {
			isa = PBXGroup;
			children = (
				046D47202CD12D4E00B84BBF /* TeamsViewModel.swift */,
			);
			path = ViewModel;
			sourceTree = "<group>";
		};
		046D47232CD16B2B00B84BBF /* Views */ = {
			isa = PBXGroup;
			children = (
				046D47242CD16B4500B84BBF /* TeamTableViewCell.swift */,
			);
			path = Views;
			sourceTree = "<group>";
		};
/* End PBXGroup section */

/* Begin PBXNativeTarget section */
		046D46D42CD0FAFA00B84BBF /* FootballChants */ = {
			isa = PBXNativeTarget;
			buildConfigurationList = 046D46E92CD0FAFC00B84BBF /* Build configuration list for PBXNativeTarget "FootballChants" */;
			buildPhases = (
				046D46D12CD0FAFA00B84BBF /* Sources */,
				046D46D22CD0FAFA00B84BBF /* Frameworks */,
				046D46D32CD0FAFA00B84BBF /* Resources */,
			);
			buildRules = (
			);
			dependencies = (
			);
			name = FootballChants;
			productName = FootballChants;
			productReference = 046D46D52CD0FAFA00B84BBF /* FootballChants.app */;
			productType = "com.apple.product-type.application";
		};
/* End PBXNativeTarget section */

/* Begin PBXProject section */
		046D46CD2CD0FAF900B84BBF /* Project object */ = {
			isa = PBXProject;
			attributes = {
				BuildIndependentTargetsInParallel = 1;
				LastSwiftUpdateCheck = 1540;
				LastUpgradeCheck = 1540;
				TargetAttributes = {
					046D46D42CD0FAFA00B84BBF = {
						CreatedOnToolsVersion = 15.4;
					};
				};
			};
			buildConfigurationList = 046D46D02CD0FAF900B84BBF /* Build configuration list for PBXProject "FootballChants" */;
			compatibilityVersion = "Xcode 14.0";
			developmentRegion = en;
			hasScannedForEncodings = 0;
			knownRegions = (
				en,
				Base,
			);
			mainGroup = 046D46CC2CD0FAF900B84BBF;
			productRefGroup = 046D46D62CD0FAFA00B84BBF /* Products */;
			projectDirPath = "";
			projectRoot = "";
			targets = (
				046D46D42CD0FAFA00B84BBF /* FootballChants */,
			);
		};
/* End PBXProject section */

/* Begin PBXResourcesBuildPhase section */
		046D46D32CD0FAFA00B84BBF /* Resources */ = {
			isa = PBXResourcesBuildPhase;
			buildActionMask = 2147483647;
			files = (
				046D46E52CD0FAFC00B84BBF /* Base in Resources */,
				046D47102CD0FEA600B84BBF /* newcastle.mp3 in Resources */,
				046D470A2CD0FEA600B84BBF /* fulham.mp3 in Resources */,
				046D470D2CD0FEA600B84BBF /* liverpool.mp3 in Resources */,
				046D47062CD0FEA600B84BBF /* brighton.mp3 in Resources */,
				046D470F2CD0FEA600B84BBF /* manchester_united.mp3 in Resources */,
				046D47162CD0FEA600B84BBF /* wolves.mp3 in Resources */,
				046D47072CD0FEA600B84BBF /* burnley.mp3 in Resources */,
				046D470B2CD0FEA600B84BBF /* leeds.mp3 in Resources */,
				046D47052CD0FEA600B84BBF /* aston_villa.mp3 in Resources */,
				046D47152CD0FEA600B84BBF /* west_brom.mp3 in Resources */,
				046D46ED2CD0FE9800B84BBF /* Assets.xcassets in Resources */,
				046D470C2CD0FEA600B84BBF /* leicester.mp3 in Resources */,
				046D47142CD0FEA600B84BBF /* tottenham.mp3 in Resources */,
				046D47112CD0FEA600B84BBF /* palace.mp3 in Resources */,
				046D46E02CD0FAFA00B84BBF /* Base in Resources */,
				046D47132CD0FEA600B84BBF /* southampton.mp3 in Resources */,
				046D47082CD0FEA600B84BBF /* chelsea.mp3 in Resources */,
				046D47092CD0FEA600B84BBF /* everton.mp3 in Resources */,
				046D47122CD0FEA600B84BBF /* sheffield.mp3 in Resources */,
				046D47042CD0FEA600B84BBF /* arsenal.mp3 in Resources */,
				046D470E2CD0FEA600B84BBF /* manchester_city.mp3 in Resources */,
			);
			runOnlyForDeploymentPostprocessing = 0;
		};
/* End PBXResourcesBuildPhase section */

/* Begin PBXSourcesBuildPhase section */
		046D46D12CD0FAFA00B84BBF /* Sources */ = {
			isa = PBXSourcesBuildPhase;
			buildActionMask = 2147483647;
			files = (
				046D471A2CD1054800B84BBF /* ChantsViewController.swift in Sources */,
				046D47222CD12D4E00B84BBF /* TeamsViewModel.swift in Sources */,
				046D471F2CD12CFF00B84BBF /* Manager.swift in Sources */,
				046D47172CD0FEA600B84BBF /* Teams.swift in Sources */,
				046D47252CD16B4500B84BBF /* TeamTableViewCell.swift in Sources */,
				046D46D92CD0FAFA00B84BBF /* AppDelegate.swift in Sources */,
				046D471D2CD12CC500B84BBF /* Team.swift in Sources */,
				046D46DB2CD0FAFA00B84BBF /* SceneDelegate.swift in Sources */,
			);
			runOnlyForDeploymentPostprocessing = 0;
		};
/* End PBXSourcesBuildPhase section */

/* Begin PBXVariantGroup section */
		046D46DE2CD0FAFA00B84BBF /* Main.storyboard */ = {
			isa = PBXVariantGroup;
			children = (
				046D46DF2CD0FAFA00B84BBF /* Base */,
			);
			name = Main.storyboard;
			sourceTree = "<group>";
		};
		046D46E32CD0FAFC00B84BBF /* LaunchScreen.storyboard */ = {
			isa = PBXVariantGroup;
			children = (
				046D46E42CD0FAFC00B84BBF /* Base */,
			);
			name = LaunchScreen.storyboard;
			sourceTree = "<group>";
		};
/* End PBXVariantGroup section */

/* Begin XCBuildConfiguration section */
		046D46E72CD0FAFC00B84BBF /* Debug */ = {
			isa = XCBuildConfiguration;
			buildSettings = {
				ALWAYS_SEARCH_USER_PATHS = NO;
				ASSETCATALOG_COMPILER_GENERATE_SWIFT_ASSET_SYMBOL_EXTENSIONS = YES;
				CLANG_ANALYZER_NONNULL = YES;
				CLANG_ANALYZER_NUMBER_OBJECT_CONVERSION = YES_AGGRESSIVE;
				CLANG_CXX_LANGUAGE_STANDARD = "gnu++20";
				CLANG_ENABLE_MODULES = YES;
				CLANG_ENABLE_OBJC_ARC = YES;
				CLANG_ENABLE_OBJC_WEAK = YES;
				CLANG_WARN_BLOCK_CAPTURE_AUTORELEASING = YES;
				CLANG_WARN_BOOL_CONVERSION = YES;
				CLANG_WARN_COMMA = YES;
				CLANG_WARN_CONSTANT_CONVERSION = YES;
				CLANG_WARN_DEPRECATED_OBJC_IMPLEMENTATIONS = YES;
				CLANG_WARN_DIRECT_OBJC_ISA_USAGE = YES_ERROR;
				CLANG_WARN_DOCUMENTATION_COMMENTS = YES;
				CLANG_WARN_EMPTY_BODY = YES;
				CLANG_WARN_ENUM_CONVERSION = YES;
				CLANG_WARN_INFINITE_RECURSION = YES;
				CLANG_WARN_INT_CONVERSION = YES;
				CLANG_WARN_NON_LITERAL_NULL_CONVERSION = YES;
				CLANG_WARN_OBJC_IMPLICIT_RETAIN_SELF = YES;
				CLANG_WARN_OBJC_LITERAL_CONVERSION = YES;
				CLANG_WARN_OBJC_ROOT_CLASS = YES_ERROR;
				CLANG_WARN_QUOTED_INCLUDE_IN_FRAMEWORK_HEADER = YES;
				CLANG_WARN_RANGE_LOOP_ANALYSIS = YES;
				CLANG_WARN_STRICT_PROTOTYPES = YES;
				CLANG_WARN_SUSPICIOUS_MOVE = YES;
				CLANG_WARN_UNGUARDED_AVAILABILITY = YES_AGGRESSIVE;
				CLANG_WARN_UNREACHABLE_CODE = YES;
				CLANG_WARN__DUPLICATE_METHOD_MATCH = YES;
				COPY_PHASE_STRIP = NO;
				DEBUG_INFORMATION_FORMAT = dwarf;
				ENABLE_STRICT_OBJC_MSGSEND = YES;
				ENABLE_TESTABILITY = YES;
				ENABLE_USER_SCRIPT_SANDBOXING = YES;
				GCC_C_LANGUAGE_STANDARD = gnu17;
				GCC_DYNAMIC_NO_PIC = NO;
				GCC_NO_COMMON_BLOCKS = YES;
				GCC_OPTIMIZATION_LEVEL = 0;
				GCC_PREPROCESSOR_DEFINITIONS = (
					"DEBUG=1",
					"$(inherited)",
				);
				GCC_WARN_64_TO_32_BIT_CONVERSION = YES;
				GCC_WARN_ABOUT_RETURN_TYPE = YES_ERROR;
				GCC_WARN_UNDECLARED_SELECTOR = YES;
				GCC_WARN_UNINITIALIZED_AUTOS = YES_AGGRESSIVE;
				GCC_WARN_UNUSED_FUNCTION = YES;
				GCC_WARN_UNUSED_VARIABLE = YES;
				IPHONEOS_DEPLOYMENT_TARGET = 17.5;
				LOCALIZATION_PREFERS_STRING_CATALOGS = YES;
				MTL_ENABLE_DEBUG_INFO = INCLUDE_SOURCE;
				MTL_FAST_MATH = YES;
				ONLY_ACTIVE_ARCH = YES;
				SDKROOT = iphoneos;
				SWIFT_ACTIVE_COMPILATION_CONDITIONS = "DEBUG $(inherited)";
				SWIFT_OPTIMIZATION_LEVEL = "-Onone";
			};
			name = Debug;
		};
		046D46E82CD0FAFC00B84BBF /* Release */ = {
			isa = XCBuildConfiguration;
			buildSettings = {
				ALWAYS_SEARCH_USER_PATHS = NO;
				ASSETCATALOG_COMPILER_GENERATE_SWIFT_ASSET_SYMBOL_EXTENSIONS = YES;
				CLANG_ANALYZER_NONNULL = YES;
				CLANG_ANALYZER_NUMBER_OBJECT_CONVERSION = YES_AGGRESSIVE;
				CLANG_CXX_LANGUAGE_STANDARD = "gnu++20";
				CLANG_ENABLE_MODULES = YES;
				CLANG_ENABLE_OBJC_ARC = YES;
				CLANG_ENABLE_OBJC_WEAK = YES;
				CLANG_WARN_BLOCK_CAPTURE_AUTORELEASING = YES;
				CLANG_WARN_BOOL_CONVERSION = YES;
				CLANG_WARN_COMMA = YES;
				CLANG_WARN_CONSTANT_CONVERSION = YES;
				CLANG_WARN_DEPRECATED_OBJC_IMPLEMENTATIONS = YES;
				CLANG_WARN_DIRECT_OBJC_ISA_USAGE = YES_ERROR;
				CLANG_WARN_DOCUMENTATION_COMMENTS = YES;
				CLANG_WARN_EMPTY_BODY = YES;
				CLANG_WARN_ENUM_CONVERSION = YES;
				CLANG_WARN_INFINITE_RECURSION = YES;
				CLANG_WARN_INT_CONVERSION = YES;
				CLANG_WARN_NON_LITERAL_NULL_CONVERSION = YES;
				CLANG_WARN_OBJC_IMPLICIT_RETAIN_SELF = YES;
				CLANG_WARN_OBJC_LITERAL_CONVERSION = YES;
				CLANG_WARN_OBJC_ROOT_CLASS = YES_ERROR;
				CLANG_WARN_QUOTED_INCLUDE_IN_FRAMEWORK_HEADER = YES;
				CLANG_WARN_RANGE_LOOP_ANALYSIS = YES;
				CLANG_WARN_STRICT_PROTOTYPES = YES;
				CLANG_WARN_SUSPICIOUS_MOVE = YES;
				CLANG_WARN_UNGUARDED_AVAILABILITY = YES_AGGRESSIVE;
				CLANG_WARN_UNREACHABLE_CODE = YES;
				CLANG_WARN__DUPLICATE_METHOD_MATCH = YES;
				COPY_PHASE_STRIP = NO;
				DEBUG_INFORMATION_FORMAT = "dwarf-with-dsym";
				ENABLE_NS_ASSERTIONS = NO;
				ENABLE_STRICT_OBJC_MSGSEND = YES;
				ENABLE_USER_SCRIPT_SANDBOXING = YES;
				GCC_C_LANGUAGE_STANDARD = gnu17;
				GCC_NO_COMMON_BLOCKS = YES;
				GCC_WARN_64_TO_32_BIT_CONVERSION = YES;
				GCC_WARN_ABOUT_RETURN_TYPE = YES_ERROR;
				GCC_WARN_UNDECLARED_SELECTOR = YES;
				GCC_WARN_UNINITIALIZED_AUTOS = YES_AGGRESSIVE;
				GCC_WARN_UNUSED_FUNCTION = YES;
				GCC_WARN_UNUSED_VARIABLE = YES;
				IPHONEOS_DEPLOYMENT_TARGET = 17.5;
				LOCALIZATION_PREFERS_STRING_CATALOGS = YES;
				MTL_ENABLE_DEBUG_INFO = NO;
				MTL_FAST_MATH = YES;
				SDKROOT = iphoneos;
				SWIFT_COMPILATION_MODE = wholemodule;
				VALIDATE_PRODUCT = YES;
			};
			name = Release;
		};
		046D46EA2CD0FAFC00B84BBF /* Debug */ = {
			isa = XCBuildConfiguration;
			buildSettings = {
				ASSETCATALOG_COMPILER_APPICON_NAME = AppIcon;
				ASSETCATALOG_COMPILER_GLOBAL_ACCENT_COLOR_NAME = AccentColor;
				CODE_SIGN_STYLE = Automatic;
				CURRENT_PROJECT_VERSION = 1;
				DEVELOPMENT_TEAM = 384BBP73DT;
				GENERATE_INFOPLIST_FILE = YES;
				INFOPLIST_FILE = FootballChants/Info.plist;
				INFOPLIST_KEY_UIApplicationSupportsIndirectInputEvents = YES;
				INFOPLIST_KEY_UILaunchStoryboardName = LaunchScreen;
				INFOPLIST_KEY_UIMainStoryboardFile = "";
				INFOPLIST_KEY_UISupportedInterfaceOrientations = UIInterfaceOrientationPortrait;
				INFOPLIST_KEY_UISupportedInterfaceOrientations_iPad = "UIInterfaceOrientationLandscapeLeft UIInterfaceOrientationLandscapeRight UIInterfaceOrientationPortrait UIInterfaceOrientationPortraitUpsideDown";
				IPHONEOS_DEPLOYMENT_TARGET = 17.0;
				LD_RUNPATH_SEARCH_PATHS = (
					"$(inherited)",
					"@executable_path/Frameworks",
				);
				MARKETING_VERSION = 1.0;
				PRODUCT_BUNDLE_IDENTIFIER = com.bariskandemir.FootballChants;
				PRODUCT_NAME = "$(TARGET_NAME)";
				SUPPORTED_PLATFORMS = "iphoneos iphonesimulator";
				SUPPORTS_MACCATALYST = NO;
				SUPPORTS_MAC_DESIGNED_FOR_IPHONE_IPAD = NO;
				SUPPORTS_XR_DESIGNED_FOR_IPHONE_IPAD = NO;
				SWIFT_EMIT_LOC_STRINGS = YES;
				SWIFT_VERSION = 5.0;
				TARGETED_DEVICE_FAMILY = 1;
			};
			name = Debug;
		};
		046D46EB2CD0FAFC00B84BBF /* Release */ = {
			isa = XCBuildConfiguration;
			buildSettings = {
				ASSETCATALOG_COMPILER_APPICON_NAME = AppIcon;
				ASSETCATALOG_COMPILER_GLOBAL_ACCENT_COLOR_NAME = AccentColor;
				CODE_SIGN_STYLE = Automatic;
				CURRENT_PROJECT_VERSION = 1;
				DEVELOPMENT_TEAM = 384BBP73DT;
				GENERATE_INFOPLIST_FILE = YES;
				INFOPLIST_FILE = FootballChants/Info.plist;
				INFOPLIST_KEY_UIApplicationSupportsIndirectInputEvents = YES;
				INFOPLIST_KEY_UILaunchStoryboardName = LaunchScreen;
				INFOPLIST_KEY_UIMainStoryboardFile = "";
				INFOPLIST_KEY_UISupportedInterfaceOrientations = UIInterfaceOrientationPortrait;
				INFOPLIST_KEY_UISupportedInterfaceOrientations_iPad = "UIInterfaceOrientationLandscapeLeft UIInterfaceOrientationLandscapeRight UIInterfaceOrientationPortrait UIInterfaceOrientationPortraitUpsideDown";
				IPHONEOS_DEPLOYMENT_TARGET = 17.0;
				LD_RUNPATH_SEARCH_PATHS = (
					"$(inherited)",
					"@executable_path/Frameworks",
				);
				MARKETING_VERSION = 1.0;
				PRODUCT_BUNDLE_IDENTIFIER = com.bariskandemir.FootballChants;
				PRODUCT_NAME = "$(TARGET_NAME)";
				SUPPORTED_PLATFORMS = "iphoneos iphonesimulator";
				SUPPORTS_MACCATALYST = NO;
				SUPPORTS_MAC_DESIGNED_FOR_IPHONE_IPAD = NO;
				SUPPORTS_XR_DESIGNED_FOR_IPHONE_IPAD = NO;
				SWIFT_EMIT_LOC_STRINGS = YES;
				SWIFT_VERSION = 5.0;
				TARGETED_DEVICE_FAMILY = 1;
			};
			name = Release;
		};
/* End XCBuildConfiguration section */

/* Begin XCConfigurationList section */
		046D46D02CD0FAF900B84BBF /* Build configuration list for PBXProject "FootballChants" */ = {
			isa = XCConfigurationList;
			buildConfigurations = (
				046D46E72CD0FAFC00B84BBF /* Debug */,
				046D46E82CD0FAFC00B84BBF /* Release */,
			);
			defaultConfigurationIsVisible = 0;
			defaultConfigurationName = Release;
		};
		046D46E92CD0FAFC00B84BBF /* Build configuration list for PBXNativeTarget "FootballChants" */ = {
			isa = XCConfigurationList;
			buildConfigurations = (
				046D46EA2CD0FAFC00B84BBF /* Debug */,
				046D46EB2CD0FAFC00B84BBF /* Release */,
			);
			defaultConfigurationIsVisible = 0;
			defaultConfigurationName = Release;
		};
/* End XCConfigurationList section */
	};
	rootObject = 046D46CD2CD0FAF900B84BBF /* Project object */;
}
